
Microsoft Visual Studio Solution File, Format Version 12.00
# Visual Studio Version 17
VisualStudioVersion = 17.5.33516.290
MinimumVisualStudioVersion = 10.0.40219.1
Project("{FAE04EC0-301F-11D3-BF4B-00C04F79EFBC}") = "Tax Calculator", "Tax Calculator.csproj", "{DC22B7A4-B532-4FCD-A7BC-6691202D7867}"
EndProject
Global
	GlobalSection(SolutionConfigurationPlatforms) = preSolution
		Debug|Any CPU = Debug|Any CPU
		Release|Any CPU = Release|Any CPU
	EndGlobalSection
	GlobalSection(ProjectConfigurationPlatforms) = postSolution
		{DC22B7A4-B532-4FCD-A7BC-6691202D7867}.Debug|Any CPU.ActiveCfg = Debug|Any CPU
		{DC22B7A4-B532-4FCD-A7BC-6691202D7867}.Debug|Any CPU.Build.0 = Debug|Any CPU
		{DC22B7A4-B532-4FCD-A7BC-6691202D7867}.Release|Any CPU.ActiveCfg = Release|Any CPU
		{DC22B7A4-B532-4FCD-A7BC-6691202D7867}.Release|Any CPU.Build.0 = Release|Any CPU
	EndGlobalSection
	GlobalSection(SolutionProperties) = preSolution
		HideSolutionNode = FALSE
	EndGlobalSection
	GlobalSection(ExtensibilityGlobals) = postSolution
		SolutionGuid = {E5C6AA81-7718-48A4-AE73-4D803F3984AC}
	EndGlobalSection
EndGlobal
